
Microsoft Visual Studio Solution File, Format Version 12.00
# Visual Studio 2012
Project("{FAE04EC0-301F-11D3-BF4B-00C04F79EFBC}") = "DotNetDesign.WebSecurity", "src\DotNetDesign.WebSecurity\DotNetDesign.WebSecurity.csproj", "{B4C2CD1B-D18E-4950-B703-6A8BF25BD609}"
EndProject
Project("{2150E333-8FDC-42A3-9474-1A3956D46DE8}") = ".nuget", ".nuget", "{6EDB1CEB-3EC0-4D7A-8FC1-7BF5BA00E332}"
	ProjectSection(SolutionItems) = preProject
		.nuget\NuGet.Config = .nuget\NuGet.Config
		.nuget\NuGet.exe = .nuget\NuGet.exe
		.nuget\NuGet.targets = .nuget\NuGet.targets
	EndProjectSection
EndProject
Project("{FAE04EC0-301F-11D3-BF4B-00C04F79EFBC}") = "DotNetDesign.WebSecurity.Tests", "src\DotNetDesign.WebSecurity.Tests\DotNetDesign.WebSecurity.Tests.csproj", "{9DC4601C-9803-49F2-B081-D9F8E7754117}"
EndProject
Global
	GlobalSection(SolutionConfigurationPlatforms) = preSolution
		Debug|Any CPU = Debug|Any CPU
		Release|Any CPU = Release|Any CPU
	EndGlobalSection
	GlobalSection(ProjectConfigurationPlatforms) = postSolution
		{B4C2CD1B-D18E-4950-B703-6A8BF25BD609}.Debug|Any CPU.ActiveCfg = Debug|Any CPU
		{B4C2CD1B-D18E-4950-B703-6A8BF25BD609}.Debug|Any CPU.Build.0 = Debug|Any CPU
		{B4C2CD1B-D18E-4950-B703-6A8BF25BD609}.Release|Any CPU.ActiveCfg = Release|Any CPU
		{B4C2CD1B-D18E-4950-B703-6A8BF25BD609}.Release|Any CPU.Build.0 = Release|Any CPU
		{9DC4601C-9803-49F2-B081-D9F8E7754117}.Debug|Any CPU.ActiveCfg = Debug|Any CPU
		{9DC4601C-9803-49F2-B081-D9F8E7754117}.Debug|Any CPU.Build.0 = Debug|Any CPU
		{9DC4601C-9803-49F2-B081-D9F8E7754117}.Release|Any CPU.ActiveCfg = Release|Any CPU
		{9DC4601C-9803-49F2-B081-D9F8E7754117}.Release|Any CPU.Build.0 = Release|Any CPU
	EndGlobalSection
	GlobalSection(SolutionProperties) = preSolution
		HideSolutionNode = FALSE
	EndGlobalSection
EndGlobal
